// !$*UTF8*$!
{
	archiveVersion = 1;
	classes = {
	};
	objectVersion = 77;
	objects = {

/* Begin PBXContainerItemProxy section */
		6433D1FE2E1F37C7000E4A43 /* PBXContainerItemProxy */ = {
			isa = PBXContainerItemProxy;
			containerPortal = 6433D1E42E1F37C6000E4A43 /* Project object */;
			proxyType = 1;
			remoteGlobalIDString = 6433D1EB2E1F37C6000E4A43;
			remoteInfo = Polychat;
		};
		6433D2082E1F37C7000E4A43 /* PBXContainerItemProxy */ = {
			isa = PBXContainerItemProxy;
			containerPortal = 6433D1E42E1F37C6000E4A43 /* Project object */;
			proxyType = 1;
			remoteGlobalIDString = 6433D1EB2E1F37C6000E4A43;
			remoteInfo = Polychat;
		};
/* End PBXContainerItemProxy section */

/* Begin PBXFileReference section */
		6433D1EC2E1F37C6000E4A43 /* Polychat.app */ = {isa = PBXFileReference; explicitFileType = wrapper.application; includeInIndex = 0; path = Polychat.app; sourceTree = BUILT_PRODUCTS_DIR; };
		6433D1FD2E1F37C7000E4A43 /* PolychatTests.xctest */ = {isa = PBXFileReference; explicitFileType = wrapper.cfbundle; includeInIndex = 0; path = PolychatTests.xctest; sourceTree = BUILT_PRODUCTS_DIR; };
		6433D2072E1F37C7000E4A43 /* PolychatUITests.xctest */ = {isa = PBXFileReference; explicitFileType = wrapper.cfbundle; includeInIndex = 0; path = PolychatUITests.xctest; sourceTree = BUILT_PRODUCTS_DIR; };
/* End PBXFileReference section */

/* Begin PBXFileSystemSynchronizedRootGroup section */
		6433D1EE2E1F37C6000E4A43 /* Polychat */ = {
			isa = PBXFileSystemSynchronizedRootGroup;
			path = Polychat;
			sourceTree = "<group>";
		};
		6433D2002E1F37C7000E4A43 /* PolychatTests */ = {
			isa = PBXFileSystemSynchronizedRootGroup;
			path = PolychatTests;
			sourceTree = "<group>";
		};
		6433D20A2E1F37C7000E4A43 /* PolychatUITests */ = {
			isa = PBXFileSystemSynchronizedRootGroup;
			path = PolychatUITests;
			sourceTree = "<group>";
		};
/* End PBXFileSystemSynchronizedRootGroup section */

/* Begin PBXFrameworksBuildPhase section */
		6433D1E92E1F37C6000E4A43 /* Frameworks */ = {
			isa = PBXFrameworksBuildPhase;
			buildActionMask = 2147483647;
			files = (
			);
			runOnlyForDeploymentPostprocessing = 0;
		};
		6433D1FA2E1F37C7000E4A43 /* Frameworks */ = {
			isa = PBXFrameworksBuildPhase;
			buildActionMask = 2147483647;
			files = (
			);
			runOnlyForDeploymentPostprocessing = 0;
		};
		6433D2042E1F37C7000E4A43 /* Frameworks */ = {
			isa = PBXFrameworksBuildPhase;
			buildActionMask = 2147483647;
			files = (
			);
			runOnlyForDeploymentPostprocessing = 0;
		};
/* End PBXFrameworksBuildPhase section */

/* Begin PBXGroup section */
		6433D1E32E1F37C6000E4A43 = {
			isa = PBXGroup;
			children = (
				6433D1EE2E1F37C6000E4A43 /* Polychat */,
				6433D2002E1F37C7000E4A43 /* PolychatTests */,
				6433D20A2E1F37C7000E4A43 /* PolychatUITests */,
				6433D1ED2E1F37C6000E4A43 /* Products */,
			);
			sourceTree = "<group>";
		};
		6433D1ED2E1F37C6000E4A43 /* Products */ = {
			isa = PBXGroup;
			children = (
				6433D1EC2E1F37C6000E4A43 /* Polychat.app */,
				6433D1FD2E1F37C7000E4A43 /* PolychatTests.xctest */,
				6433D2072E1F37C7000E4A43 /* PolychatUITests.xctest */,
			);
			name = Products;
			sourceTree = "<group>";
		};
/* End PBXGroup section */

/* Begin PBXNativeTarget section */
		6433D1EB2E1F37C6000E4A43 /* Polychat */ = {
			isa = PBXNativeTarget;
			buildConfigurationList = 6433D2112E1F37C7000E4A43 /* Build configuration list for PBXNativeTarget "Polychat" */;
			buildPhases = (
				6433D1E82E1F37C6000E4A43 /* Sources */,
				6433D1E92E1F37C6000E4A43 /* Frameworks */,
				6433D1EA2E1F37C6000E4A43 /* Resources */,
			);
			buildRules = (
			);
			dependencies = (
			);
			fileSystemSynchronizedGroups = (
				6433D1EE2E1F37C6000E4A43 /* Polychat */,
			);
			name = Polychat;
			packageProductDependencies = (
			);
			productName = Polychat;
			productReference = 6433D1EC2E1F37C6000E4A43 /* Polychat.app */;
			productType = "com.apple.product-type.application";
		};
		6433D1FC2E1F37C7000E4A43 /* PolychatTests */ = {
			isa = PBXNativeTarget;
			buildConfigurationList = 6433D2142E1F37C7000E4A43 /* Build configuration list for PBXNativeTarget "PolychatTests" */;
			buildPhases = (
				6433D1F92E1F37C7000E4A43 /* Sources */,
				6433D1FA2E1F37C7000E4A43 /* Frameworks */,
				6433D1FB2E1F37C7000E4A43 /* Resources */,
			);
			buildRules = (
			);
			dependencies = (
				6433D1FF2E1F37C7000E4A43 /* PBXTargetDependency */,
			);
			fileSystemSynchronizedGroups = (
				6433D2002E1F37C7000E4A43 /* PolychatTests */,
			);
			name = PolychatTests;
			packageProductDependencies = (
			);
			productName = PolychatTests;
			productReference = 6433D1FD2E1F37C7000E4A43 /* PolychatTests.xctest */;
			productType = "com.apple.product-type.bundle.unit-test";
		};
		6433D2062E1F37C7000E4A43 /* PolychatUITests */ = {
			isa = PBXNativeTarget;
			buildConfigurationList = 6433D2172E1F37C7000E4A43 /* Build configuration list for PBXNativeTarget "PolychatUITests" */;
			buildPhases = (
				6433D2032E1F37C7000E4A43 /* Sources */,
				6433D2042E1F37C7000E4A43 /* Frameworks */,
				6433D2052E1F37C7000E4A43 /* Resources */,
			);
			buildRules = (
			);
			dependencies = (
				6433D2092E1F37C7000E4A43 /* PBXTargetDependency */,
			);
			fileSystemSynchronizedGroups = (
				6433D20A2E1F37C7000E4A43 /* PolychatUITests */,
			);
			name = PolychatUITests;
			packageProductDependencies = (
			);
			productName = PolychatUITests;
			productReference = 6433D2072E1F37C7000E4A43 /* PolychatUITests.xctest */;
			productType = "com.apple.product-type.bundle.ui-testing";
		};
/* End PBXNativeTarget section */

/* Begin PBXProject section */
		6433D1E42E1F37C6000E4A43 /* Project object */ = {
			isa = PBXProject;
			attributes = {
				BuildIndependentTargetsInParallel = 1;
				LastSwiftUpdateCheck = 1620;
				LastUpgradeCheck = 1620;
				TargetAttributes = {
					6433D1EB2E1F37C6000E4A43 = {
						CreatedOnToolsVersion = 16.2;
					};
					6433D1FC2E1F37C7000E4A43 = {
						CreatedOnToolsVersion = 16.2;
						TestTargetID = 6433D1EB2E1F37C6000E4A43;
					};
					6433D2062E1F37C7000E4A43 = {
						CreatedOnToolsVersion = 16.2;
						TestTargetID = 6433D1EB2E1F37C6000E4A43;
					};
				};
			};
			buildConfigurationList = 6433D1E72E1F37C6000E4A43 /* Build configuration list for PBXProject "Polychat" */;
			developmentRegion = en;
			hasScannedForEncodings = 0;
			knownRegions = (
				en,
				Base,
			);
			mainGroup = 6433D1E32E1F37C6000E4A43;
			minimizedProjectReferenceProxies = 1;
			preferredProjectObjectVersion = 77;
			productRefGroup = 6433D1ED2E1F37C6000E4A43 /* Products */;
			projectDirPath = "";
			projectRoot = "";
			targets = (
				6433D1EB2E1F37C6000E4A43 /* Polychat */,
				6433D1FC2E1F37C7000E4A43 /* PolychatTests */,
				6433D2062E1F37C7000E4A43 /* PolychatUITests */,
			);
		};
/* End PBXProject section */

/* Begin PBXResourcesBuildPhase section */
		6433D1EA2E1F37C6000E4A43 /* Resources */ = {
			isa = PBXResourcesBuildPhase;
			buildActionMask = 2147483647;
			files = (
			);
			runOnlyForDeploymentPostprocessing = 0;
		};
		6433D1FB2E1F37C7000E4A43 /* Resources */ = {
			isa = PBXResourcesBuildPhase;
			buildActionMask = 2147483647;
			files = (
			);
			runOnlyForDeploymentPostprocessing = 0;
		};
		6433D2052E1F37C7000E4A43 /* Resources */ = {
			isa = PBXResourcesBuildPhase;
			buildActionMask = 2147483647;
			files = (
			);
			runOnlyForDeploymentPostprocessing = 0;
		};
/* End PBXResourcesBuildPhase section */

/* Begin PBXSourcesBuildPhase section */
		6433D1E82E1F37C6000E4A43 /* Sources */ = {
			isa = PBXSourcesBuildPhase;
			buildActionMask = 2147483647;
			files = (
			);
			runOnlyForDeploymentPostprocessing = 0;
		};
		6433D1F92E1F37C7000E4A43 /* Sources */ = {
			isa = PBXSourcesBuildPhase;
			buildActionMask = 2147483647;
			files = (
			);
			runOnlyForDeploymentPostprocessing = 0;
		};
		6433D2032E1F37C7000E4A43 /* Sources */ = {
			isa = PBXSourcesBuildPhase;
			buildActionMask = 2147483647;
			files = (
			);
			runOnlyForDeploymentPostprocessing = 0;
		};
/* End PBXSourcesBuildPhase section */

/* Begin PBXTargetDependency section */
		6433D1FF2E1F37C7000E4A43 /* PBXTargetDependency */ = {
			isa = PBXTargetDependency;
			target = 6433D1EB2E1F37C6000E4A43 /* Polychat */;
			targetProxy = 6433D1FE2E1F37C7000E4A43 /* PBXContainerItemProxy */;
		};
		6433D2092E1F37C7000E4A43 /* PBXTargetDependency */ = {
			isa = PBXTargetDependency;
			target = 6433D1EB2E1F37C6000E4A43 /* Polychat */;
			targetProxy = 6433D2082E1F37C7000E4A43 /* PBXContainerItemProxy */;
		};
/* End PBXTargetDependency section */

/* Begin XCBuildConfiguration section */
		6433D20F2E1F37C7000E4A43 /* Debug */ = {
			isa = XCBuildConfiguration;
			buildSettings = {
				ALWAYS_SEARCH_USER_PATHS = NO;
				ASSETCATALOG_COMPILER_GENERATE_SWIFT_ASSET_SYMBOL_EXTENSIONS = YES;
				CLANG_ANALYZER_NONNULL = YES;
				CLANG_ANALYZER_NUMBER_OBJECT_CONVERSION = YES_AGGRESSIVE;
				CLANG_CXX_LANGUAGE_STANDARD = "gnu++20";
				CLANG_ENABLE_MODULES = YES;
				CLANG_ENABLE_OBJC_ARC = YES;
				CLANG_ENABLE_OBJC_WEAK = YES;
				CLANG_WARN_BLOCK_CAPTURE_AUTORELEASING = YES;
				CLANG_WARN_BOOL_CONVERSION = YES;
				CLANG_WARN_COMMA = YES;
				CLANG_WARN_CONSTANT_CONVERSION = YES;
				CLANG_WARN_DEPRECATED_OBJC_IMPLEMENTATIONS = YES;
				CLANG_WARN_DIRECT_OBJC_ISA_USAGE = YES_ERROR;
				CLANG_WARN_DOCUMENTATION_COMMENTS = YES;
				CLANG_WARN_EMPTY_BODY = YES;
				CLANG_WARN_ENUM_CONVERSION = YES;
				CLANG_WARN_INFINITE_RECURSION = YES;
				CLANG_WARN_INT_CONVERSION = YES;
				CLANG_WARN_NON_LITERAL_NULL_CONVERSION = YES;
				CLANG_WARN_OBJC_IMPLICIT_RETAIN_SELF = YES;
				CLANG_WARN_OBJC_LITERAL_CONVERSION = YES;
				CLANG_WARN_OBJC_ROOT_CLASS = YES_ERROR;
				CLANG_WARN_QUOTED_INCLUDE_IN_FRAMEWORK_HEADER = YES;
				CLANG_WARN_RANGE_LOOP_ANALYSIS = YES;
				CLANG_WARN_STRICT_PROTOTYPES = YES;
				CLANG_WARN_SUSPICIOUS_MOVE = YES;
				CLANG_WARN_UNGUARDED_AVAILABILITY = YES_AGGRESSIVE;
				CLANG_WARN_UNREACHABLE_CODE = YES;
				CLANG_WARN__DUPLICATE_METHOD_MATCH = YES;
				COPY_PHASE_STRIP = NO;
				DEBUG_INFORMATION_FORMAT = dwarf;
				ENABLE_STRICT_OBJC_MSGSEND = YES;
				ENABLE_TESTABILITY = YES;
				ENABLE_USER_SCRIPT_SANDBOXING = YES;
				GCC_C_LANGUAGE_STANDARD = gnu17;
				GCC_DYNAMIC_NO_PIC = NO;
				GCC_NO_COMMON_BLOCKS = YES;
				GCC_OPTIMIZATION_LEVEL = 0;
				GCC_PREPROCESSOR_DEFINITIONS = (
					"DEBUG=1",
					"$(inherited)",
				);
				GCC_WARN_64_TO_32_BIT_CONVERSION = YES;
				GCC_WARN_ABOUT_RETURN_TYPE = YES_ERROR;
				GCC_WARN_UNDECLARED_SELECTOR = YES;
				GCC_WARN_UNINITIALIZED_AUTOS = YES_AGGRESSIVE;
				GCC_WARN_UNUSED_FUNCTION = YES;
				GCC_WARN_UNUSED_VARIABLE = YES;
				LOCALIZATION_PREFERS_STRING_CATALOGS = YES;
				MTL_ENABLE_DEBUG_INFO = INCLUDE_SOURCE;
				MTL_FAST_MATH = YES;
				ONLY_ACTIVE_ARCH = YES;
				SWIFT_ACTIVE_COMPILATION_CONDITIONS = "DEBUG $(inherited)";
				SWIFT_OPTIMIZATION_LEVEL = "-Onone";
			};
			name = Debug;
		};
		6433D2102E1F37C7000E4A43 /* Release */ = {
			isa = XCBuildConfiguration;
			buildSettings = {
				ALWAYS_SEARCH_USER_PATHS = NO;
				ASSETCATALOG_COMPILER_GENERATE_SWIFT_ASSET_SYMBOL_EXTENSIONS = YES;
				CLANG_ANALYZER_NONNULL = YES;
				CLANG_ANALYZER_NUMBER_OBJECT_CONVERSION = YES_AGGRESSIVE;
				CLANG_CXX_LANGUAGE_STANDARD = "gnu++20";
				CLANG_ENABLE_MODULES = YES;
				CLANG_ENABLE_OBJC_ARC = YES;
				CLANG_ENABLE_OBJC_WEAK = YES;
				CLANG_WARN_BLOCK_CAPTURE_AUTORELEASING = YES;
				CLANG_WARN_BOOL_CONVERSION = YES;
				CLANG_WARN_COMMA = YES;
				CLANG_WARN_CONSTANT_CONVERSION = YES;
				CLANG_WARN_DEPRECATED_OBJC_IMPLEMENTATIONS = YES;
				CLANG_WARN_DIRECT_OBJC_ISA_USAGE = YES_ERROR;
				CLANG_WARN_DOCUMENTATION_COMMENTS = YES;
				CLANG_WARN_EMPTY_BODY = YES;
				CLANG_WARN_ENUM_CONVERSION = YES;
				CLANG_WARN_INFINITE_RECURSION = YES;
				CLANG_WARN_INT_CONVERSION = YES;
				CLANG_WARN_NON_LITERAL_NULL_CONVERSION = YES;
				CLANG_WARN_OBJC_IMPLICIT_RETAIN_SELF = YES;
				CLANG_WARN_OBJC_LITERAL_CONVERSION = YES;
				CLANG_WARN_OBJC_ROOT_CLASS = YES_ERROR;
				CLANG_WARN_QUOTED_INCLUDE_IN_FRAMEWORK_HEADER = YES;
				CLANG_WARN_RANGE_LOOP_ANALYSIS = YES;
				CLANG_WARN_STRICT_PROTOTYPES = YES;
				CLANG_WARN_SUSPICIOUS_MOVE = YES;
				CLANG_WARN_UNGUARDED_AVAILABILITY = YES_AGGRESSIVE;
				CLANG_WARN_UNREACHABLE_CODE = YES;
				CLANG_WARN__DUPLICATE_METHOD_MATCH = YES;
				COPY_PHASE_STRIP = NO;
				DEBUG_INFORMATION_FORMAT = "dwarf-with-dsym";
				ENABLE_NS_ASSERTIONS = NO;
				ENABLE_STRICT_OBJC_MSGSEND = YES;
				ENABLE_USER_SCRIPT_SANDBOXING = YES;
				GCC_C_LANGUAGE_STANDARD = gnu17;
				GCC_NO_COMMON_BLOCKS = YES;
				GCC_WARN_64_TO_32_BIT_CONVERSION = YES;
				GCC_WARN_ABOUT_RETURN_TYPE = YES_ERROR;
				GCC_WARN_UNDECLARED_SELECTOR = YES;
				GCC_WARN_UNINITIALIZED_AUTOS = YES_AGGRESSIVE;
				GCC_WARN_UNUSED_FUNCTION = YES;
				GCC_WARN_UNUSED_VARIABLE = YES;
				LOCALIZATION_PREFERS_STRING_CATALOGS = YES;
				MTL_ENABLE_DEBUG_INFO = NO;
				MTL_FAST_MATH = YES;
				SWIFT_COMPILATION_MODE = wholemodule;
			};
			name = Release;
		};
		6433D2122E1F37C7000E4A43 /* Debug */ = {
			isa = XCBuildConfiguration;
			buildSettings = {
				ASSETCATALOG_COMPILER_APPICON_NAME = AppIcon;
				ASSETCATALOG_COMPILER_GLOBAL_ACCENT_COLOR_NAME = AccentColor;
				CODE_SIGN_ENTITLEMENTS = "Polychat/Polychat.entitlements";
				"CODE_SIGN_IDENTITY[sdk=macosx*]" = "Apple Development";
				CODE_SIGN_STYLE = Automatic;
				CURRENT_PROJECT_VERSION = 1;
				DEVELOPMENT_ASSET_PATHS = "\"Polychat/Preview Content\"";
				DEVELOPMENT_TEAM = JA9F67V6P5;
				ENABLE_PREVIEWS = YES;
				EXCLUDED_SOURCE_FILE_NAMES = Info.plist;
				GENERATE_INFOPLIST_FILE = NO;
				INFOPLIST_FILE = Polychat/Info.plist;
				IPHONEOS_DEPLOYMENT_TARGET = 18.2;
				LD_RUNPATH_SEARCH_PATHS = "@executable_path/Frameworks";
				"LD_RUNPATH_SEARCH_PATHS[sdk=macosx*]" = "@executable_path/../Frameworks";
				MACOSX_DEPLOYMENT_TARGET = 15.2;
				MARKETING_VERSION = 1.0;
				PRODUCT_BUNDLE_IDENTIFIER = "com.polychat-app.app";
				PRODUCT_NAME = "$(TARGET_NAME)";
				SDKROOT = auto;
				SUPPORTED_PLATFORMS = "iphonesimulator iphoneos";
				SWIFT_EMIT_LOC_STRINGS = YES;
				SWIFT_VERSION = 5.0;
				TARGETED_DEVICE_FAMILY = "1,2,7";
				XROS_DEPLOYMENT_TARGET = 2.2;
			};
			name = Debug;
		};
		6433D2132E1F37C7000E4A43 /* Release */ = {
			isa = XCBuildConfiguration;
			buildSettings = {
				ASSETCATALOG_COMPILER_APPICON_NAME = AppIcon;
				ASSETCATALOG_COMPILER_GLOBAL_ACCENT_COLOR_NAME = AccentColor;
				CODE_SIGN_ENTITLEMENTS = "Polychat/Polychat.entitlements";
				"CODE_SIGN_IDENTITY[sdk=macosx*]" = "Apple Development";
				CODE_SIGN_STYLE = Automatic;
				CURRENT_PROJECT_VERSION = 1;
				DEVELOPMENT_ASSET_PATHS = "\"Polychat/Preview Content\"";
				DEVELOPMENT_TEAM = JA9F67V6P5;
				ENABLE_PREVIEWS = YES;
				EXCLUDED_SOURCE_FILE_NAMES = Info.plist;
				GENERATE_INFOPLIST_FILE = NO;
				INFOPLIST_FILE = Polychat/Info.plist;
				IPHONEOS_DEPLOYMENT_TARGET = 18.2;
				LD_RUNPATH_SEARCH_PATHS = "@executable_path/Frameworks";
				"LD_RUNPATH_SEARCH_PATHS[sdk=macosx*]" = "@executable_path/../Frameworks";
				MACOSX_DEPLOYMENT_TARGET = 15.2;
				MARKETING_VERSION = 1.0;
				PRODUCT_BUNDLE_IDENTIFIER = "com.polychat-app.app";
				PRODUCT_NAME = "$(TARGET_NAME)";
				SDKROOT = auto;
				SUPPORTED_PLATFORMS = "iphonesimulator iphoneos";
				SWIFT_EMIT_LOC_STRINGS = YES;
				SWIFT_VERSION = 5.0;
				TARGETED_DEVICE_FAMILY = "1,2,7";
				XROS_DEPLOYMENT_TARGET = 2.2;
			};
			name = Release;
		};
		6433D2152E1F37C7000E4A43 /* Debug */ = {
			isa = XCBuildConfiguration;
			buildSettings = {
				BUNDLE_LOADER = "$(TEST_HOST)";
				CODE_SIGN_STYLE = Automatic;
				CURRENT_PROJECT_VERSION = 1;
				DEVELOPMENT_TEAM = JA9F67V6P5;
				GENERATE_INFOPLIST_FILE = YES;
				IPHONEOS_DEPLOYMENT_TARGET = 18.2;
				MACOSX_DEPLOYMENT_TARGET = 15.2;
				MARKETING_VERSION = 1.0;
				PRODUCT_BUNDLE_IDENTIFIER = "com.polychat-tests.app";
				PRODUCT_NAME = "$(TARGET_NAME)";
				SDKROOT = auto;
				SUPPORTED_PLATFORMS = "iphoneos iphonesimulator macosx xros xrsimulator";
				SWIFT_EMIT_LOC_STRINGS = NO;
				SWIFT_VERSION = 5.0;
				TARGETED_DEVICE_FAMILY = "1,2,7";
				TEST_HOST = "$(BUILT_PRODUCTS_DIR)/Polychat.app/$(BUNDLE_EXECUTABLE_FOLDER_PATH)/Polychat";
				XROS_DEPLOYMENT_TARGET = 2.2;
			};
			name = Debug;
		};
		6433D2162E1F37C7000E4A43 /* Release */ = {
			isa = XCBuildConfiguration;
			buildSettings = {
				BUNDLE_LOADER = "$(TEST_HOST)";
				CODE_SIGN_STYLE = Automatic;
				CURRENT_PROJECT_VERSION = 1;
				DEVELOPMENT_TEAM = JA9F67V6P5;
				GENERATE_INFOPLIST_FILE = YES;
				IPHONEOS_DEPLOYMENT_TARGET = 18.2;
				MACOSX_DEPLOYMENT_TARGET = 15.2;
				MARKETING_VERSION = 1.0;
				PRODUCT_BUNDLE_IDENTIFIER = "com.polychat-tests.app";
				PRODUCT_NAME = "$(TARGET_NAME)";
				SDKROOT = auto;
				SUPPORTED_PLATFORMS = "iphoneos iphonesimulator macosx xros xrsimulator";
				SWIFT_EMIT_LOC_STRINGS = NO;
				SWIFT_VERSION = 5.0;
				TARGETED_DEVICE_FAMILY = "1,2,7";
				TEST_HOST = "$(BUILT_PRODUCTS_DIR)/Polychat.app/$(BUNDLE_EXECUTABLE_FOLDER_PATH)/Polychat";
				XROS_DEPLOYMENT_TARGET = 2.2;
			};
			name = Release;
		};
		6433D2182E1F37C7000E4A43 /* Debug */ = {
			isa = XCBuildConfiguration;
			buildSettings = {
				CODE_SIGN_STYLE = Automatic;
				CURRENT_PROJECT_VERSION = 1;
				DEVELOPMENT_TEAM = JA9F67V6P5;
				GENERATE_INFOPLIST_FILE = YES;
				IPHONEOS_DEPLOYMENT_TARGET = 18.2;
				MACOSX_DEPLOYMENT_TARGET = 15.2;
				MARKETING_VERSION = 1.0;
				PRODUCT_BUNDLE_IDENTIFIER = "com.polychat-ui-tests.app";
				PRODUCT_NAME = "$(TARGET_NAME)";
				SDKROOT = auto;
				SUPPORTED_PLATFORMS = "iphoneos iphonesimulator macosx xros xrsimulator";
				SWIFT_EMIT_LOC_STRINGS = NO;
				SWIFT_VERSION = 5.0;
				TARGETED_DEVICE_FAMILY = "1,2,7";
				TEST_TARGET_NAME = Polychat;
				XROS_DEPLOYMENT_TARGET = 2.2;
			};
			name = Debug;
		};
		6433D2192E1F37C7000E4A43 /* Release */ = {
			isa = XCBuildConfiguration;
			buildSettings = {
				CODE_SIGN_STYLE = Automatic;
				CURRENT_PROJECT_VERSION = 1;
				DEVELOPMENT_TEAM = JA9F67V6P5;
				GENERATE_INFOPLIST_FILE = YES;
				IPHONEOS_DEPLOYMENT_TARGET = 18.2;
				MACOSX_DEPLOYMENT_TARGET = 15.2;
				MARKETING_VERSION = 1.0;
				PRODUCT_BUNDLE_IDENTIFIER = "com.polychat-ui-tests.app";
				PRODUCT_NAME = "$(TARGET_NAME)";
				SDKROOT = auto;
				SUPPORTED_PLATFORMS = "iphoneos iphonesimulator macosx xros xrsimulator";
				SWIFT_EMIT_LOC_STRINGS = NO;
				SWIFT_VERSION = 5.0;
				TARGETED_DEVICE_FAMILY = "1,2,7";
				TEST_TARGET_NAME = Polychat;
				XROS_DEPLOYMENT_TARGET = 2.2;
			};
			name = Release;
		};
/* End XCBuildConfiguration section */

/* Begin XCConfigurationList section */
		6433D1E72E1F37C6000E4A43 /* Build configuration list for PBXProject "Polychat" */ = {
			isa = XCConfigurationList;
			buildConfigurations = (
				6433D20F2E1F37C7000E4A43 /* Debug */,
				6433D2102E1F37C7000E4A43 /* Release */,
			);
			defaultConfigurationIsVisible = 0;
			defaultConfigurationName = Release;
		};
		6433D2112E1F37C7000E4A43 /* Build configuration list for PBXNativeTarget "Polychat" */ = {
			isa = XCConfigurationList;
			buildConfigurations = (
				6433D2122E1F37C7000E4A43 /* Debug */,
				6433D2132E1F37C7000E4A43 /* Release */,
			);
			defaultConfigurationIsVisible = 0;
			defaultConfigurationName = Release;
		};
		6433D2142E1F37C7000E4A43 /* Build configuration list for PBXNativeTarget "PolychatTests" */ = {
			isa = XCConfigurationList;
			buildConfigurations = (
				6433D2152E1F37C7000E4A43 /* Debug */,
				6433D2162E1F37C7000E4A43 /* Release */,
			);
			defaultConfigurationIsVisible = 0;
			defaultConfigurationName = Release;
		};
		6433D2172E1F37C7000E4A43 /* Build configuration list for PBXNativeTarget "PolychatUITests" */ = {
			isa = XCConfigurationList;
			buildConfigurations = (
				6433D2182E1F37C7000E4A43 /* Debug */,
				6433D2192E1F37C7000E4A43 /* Release */,
			);
			defaultConfigurationIsVisible = 0;
			defaultConfigurationName = Release;
		};
/* End XCConfigurationList section */
	};
	rootObject = 6433D1E42E1F37C6000E4A43 /* Project object */;
}
